// !$*UTF8*$!
{
	archiveVersion = 1;
	classes = {
	};
	objectVersion = 50;
	objects = {

/* Begin PBXBuildFile section */
		4644537C2469AD360094A71F /* AppDelegate.swift in Sources */ = {isa = PBXBuildFile; fileRef = 4644537B2469AD360094A71F /* AppDelegate.swift */; };
		4644537E2469AD360094A71F /* SceneDelegate.swift in Sources */ = {isa = PBXBuildFile; fileRef = 4644537D2469AD360094A71F /* SceneDelegate.swift */; };
		464453802469AD360094A71F /* ViewController.swift in Sources */ = {isa = PBXBuildFile; fileRef = 4644537F2469AD360094A71F /* ViewController.swift */; };
		464453832469AD360094A71F /* Main.storyboard in Resources */ = {isa = PBXBuildFile; fileRef = 464453812469AD360094A71F /* Main.storyboard */; };
		464453852469AD360094A71F /* Assets.xcassets in Resources */ = {isa = PBXBuildFile; fileRef = 464453842469AD360094A71F /* Assets.xcassets */; };
		464453882469AD360094A71F /* LaunchScreen.storyboard in Resources */ = {isa = PBXBuildFile; fileRef = 464453862469AD360094A71F /* LaunchScreen.storyboard */; };
		464453932469AD370094A71F /* scraping_sbTests.swift in Sources */ = {isa = PBXBuildFile; fileRef = 464453922469AD370094A71F /* scraping_sbTests.swift */; };
		4644539E2469AD370094A71F /* scraping_sbUITests.swift in Sources */ = {isa = PBXBuildFile; fileRef = 4644539D2469AD370094A71F /* scraping_sbUITests.swift */; };
/* End PBXBuildFile section */

/* Begin PBXContainerItemProxy section */
		4644538F2469AD370094A71F /* PBXContainerItemProxy */ = {
			isa = PBXContainerItemProxy;
			containerPortal = 464453702469AD350094A71F /* Project object */;
			proxyType = 1;
			remoteGlobalIDString = 464453772469AD360094A71F;
			remoteInfo = "scraping-sb";
		};
		4644539A2469AD370094A71F /* PBXContainerItemProxy */ = {
			isa = PBXContainerItemProxy;
			containerPortal = 464453702469AD350094A71F /* Project object */;
			proxyType = 1;
			remoteGlobalIDString = 464453772469AD360094A71F;
			remoteInfo = "scraping-sb";
		};
/* End PBXContainerItemProxy section */

/* Begin PBXFileReference section */
		464453782469AD360094A71F /* scraping-sb.app */ = {isa = PBXFileReference; explicitFileType = wrapper.application; includeInIndex = 0; path = "scraping-sb.app"; sourceTree = BUILT_PRODUCTS_DIR; };
		4644537B2469AD360094A71F /* AppDelegate.swift */ = {isa = PBXFileReference; lastKnownFileType = sourcecode.swift; path = AppDelegate.swift; sourceTree = "<group>"; };
		4644537D2469AD360094A71F /* SceneDelegate.swift */ = {isa = PBXFileReference; lastKnownFileType = sourcecode.swift; path = SceneDelegate.swift; sourceTree = "<group>"; };
		4644537F2469AD360094A71F /* ViewController.swift */ = {isa = PBXFileReference; lastKnownFileType = sourcecode.swift; path = ViewController.swift; sourceTree = "<group>"; };
		464453822469AD360094A71F /* Base */ = {isa = PBXFileReference; lastKnownFileType = file.storyboard; name = Base; path = Base.lproj/Main.storyboard; sourceTree = "<group>"; };
		464453842469AD360094A71F /* Assets.xcassets */ = {isa = PBXFileReference; lastKnownFileType = folder.assetcatalog; path = Assets.xcassets; sourceTree = "<group>"; };
		464453872469AD360094A71F /* Base */ = {isa = PBXFileReference; lastKnownFileType = file.storyboard; name = Base; path = Base.lproj/LaunchScreen.storyboard; sourceTree = "<group>"; };
		464453892469AD360094A71F /* Info.plist */ = {isa = PBXFileReference; lastKnownFileType = text.plist.xml; path = Info.plist; sourceTree = "<group>"; };
		4644538E2469AD370094A71F /* scraping-sbTests.xctest */ = {isa = PBXFileReference; explicitFileType = wrapper.cfbundle; includeInIndex = 0; path = "scraping-sbTests.xctest"; sourceTree = BUILT_PRODUCTS_DIR; };
		464453922469AD370094A71F /* scraping_sbTests.swift */ = {isa = PBXFileReference; lastKnownFileType = sourcecode.swift; path = scraping_sbTests.swift; sourceTree = "<group>"; };
		464453942469AD370094A71F /* Info.plist */ = {isa = PBXFileReference; lastKnownFileType = text.plist.xml; path = Info.plist; sourceTree = "<group>"; };
		464453992469AD370094A71F /* scraping-sbUITests.xctest */ = {isa = PBXFileReference; explicitFileType = wrapper.cfbundle; includeInIndex = 0; path = "scraping-sbUITests.xctest"; sourceTree = BUILT_PRODUCTS_DIR; };
		4644539D2469AD370094A71F /* scraping_sbUITests.swift */ = {isa = PBXFileReference; lastKnownFileType = sourcecode.swift; path = scraping_sbUITests.swift; sourceTree = "<group>"; };
		4644539F2469AD370094A71F /* Info.plist */ = {isa = PBXFileReference; lastKnownFileType = text.plist.xml; path = Info.plist; sourceTree = "<group>"; };
/* End PBXFileReference section */

/* Begin PBXFrameworksBuildPhase section */
		464453752469AD360094A71F /* Frameworks */ = {
			isa = PBXFrameworksBuildPhase;
			buildActionMask = 2147483647;
			files = (
			);
			runOnlyForDeploymentPostprocessing = 0;
		};
		4644538B2469AD370094A71F /* Frameworks */ = {
			isa = PBXFrameworksBuildPhase;
			buildActionMask = 2147483647;
			files = (
			);
			runOnlyForDeploymentPostprocessing = 0;
		};
		464453962469AD370094A71F /* Frameworks */ = {
			isa = PBXFrameworksBuildPhase;
			buildActionMask = 2147483647;
			files = (
			);
			runOnlyForDeploymentPostprocessing = 0;
		};
/* End PBXFrameworksBuildPhase section */

/* Begin PBXGroup section */
		4644536F2469AD350094A71F = {
			isa = PBXGroup;
			children = (
				4644537A2469AD360094A71F /* scraping-sb */,
				464453912469AD370094A71F /* scraping-sbTests */,
				4644539C2469AD370094A71F /* scraping-sbUITests */,
				464453792469AD360094A71F /* Products */,
			);
			sourceTree = "<group>";
		};
		464453792469AD360094A71F /* Products */ = {
			isa = PBXGroup;
			children = (
				464453782469AD360094A71F /* scraping-sb.app */,
				4644538E2469AD370094A71F /* scraping-sbTests.xctest */,
				464453992469AD370094A71F /* scraping-sbUITests.xctest */,
			);
			name = Products;
			sourceTree = "<group>";
		};
		4644537A2469AD360094A71F /* scraping-sb */ = {
			isa = PBXGroup;
			children = (
				4644537B2469AD360094A71F /* AppDelegate.swift */,
				4644537D2469AD360094A71F /* SceneDelegate.swift */,
				4644537F2469AD360094A71F /* ViewController.swift */,
				464453812469AD360094A71F /* Main.storyboard */,
				464453842469AD360094A71F /* Assets.xcassets */,
				464453862469AD360094A71F /* LaunchScreen.storyboard */,
				464453892469AD360094A71F /* Info.plist */,
			);
			path = "scraping-sb";
			sourceTree = "<group>";
		};
		464453912469AD370094A71F /* scraping-sbTests */ = {
			isa = PBXGroup;
			children = (
				464453922469AD370094A71F /* scraping_sbTests.swift */,
				464453942469AD370094A71F /* Info.plist */,
			);
			path = "scraping-sbTests";
			sourceTree = "<group>";
		};
		4644539C2469AD370094A71F /* scraping-sbUITests */ = {
			isa = PBXGroup;
			children = (
				4644539D2469AD370094A71F /* scraping_sbUITests.swift */,
				4644539F2469AD370094A71F /* Info.plist */,
			);
			path = "scraping-sbUITests";
			sourceTree = "<group>";
		};
/* End PBXGroup section */

/* Begin PBXNativeTarget section */
		464453772469AD360094A71F /* scraping-sb */ = {
			isa = PBXNativeTarget;
			buildConfigurationList = 464453A22469AD370094A71F /* Build configuration list for PBXNativeTarget "scraping-sb" */;
			buildPhases = (
				464453742469AD360094A71F /* Sources */,
				464453752469AD360094A71F /* Frameworks */,
				464453762469AD360094A71F /* Resources */,
			);
			buildRules = (
			);
			dependencies = (
			);
			name = "scraping-sb";
			productName = "scraping-sb";
			productReference = 464453782469AD360094A71F /* scraping-sb.app */;
			productType = "com.apple.product-type.application";
		};
		4644538D2469AD370094A71F /* scraping-sbTests */ = {
			isa = PBXNativeTarget;
			buildConfigurationList = 464453A52469AD370094A71F /* Build configuration list for PBXNativeTarget "scraping-sbTests" */;
			buildPhases = (
				4644538A2469AD370094A71F /* Sources */,
				4644538B2469AD370094A71F /* Frameworks */,
				4644538C2469AD370094A71F /* Resources */,
			);
			buildRules = (
			);
			dependencies = (
				464453902469AD370094A71F /* PBXTargetDependency */,
			);
			name = "scraping-sbTests";
			productName = "scraping-sbTests";
			productReference = 4644538E2469AD370094A71F /* scraping-sbTests.xctest */;
			productType = "com.apple.product-type.bundle.unit-test";
		};
		464453982469AD370094A71F /* scraping-sbUITests */ = {
			isa = PBXNativeTarget;
			buildConfigurationList = 464453A82469AD370094A71F /* Build configuration list for PBXNativeTarget "scraping-sbUITests" */;
			buildPhases = (
				464453952469AD370094A71F /* Sources */,
				464453962469AD370094A71F /* Frameworks */,
				464453972469AD370094A71F /* Resources */,
			);
			buildRules = (
			);
			dependencies = (
				4644539B2469AD370094A71F /* PBXTargetDependency */,
			);
			name = "scraping-sbUITests";
			productName = "scraping-sbUITests";
			productReference = 464453992469AD370094A71F /* scraping-sbUITests.xctest */;
			productType = "com.apple.product-type.bundle.ui-testing";
		};
/* End PBXNativeTarget section */

/* Begin PBXProject section */
		464453702469AD350094A71F /* Project object */ = {
			isa = PBXProject;
			attributes = {
				LastSwiftUpdateCheck = 1130;
				LastUpgradeCheck = 1130;
				ORGANIZATIONNAME = Rapser;
				TargetAttributes = {
					464453772469AD360094A71F = {
						CreatedOnToolsVersion = 11.3.1;
					};
					4644538D2469AD370094A71F = {
						CreatedOnToolsVersion = 11.3.1;
						TestTargetID = 464453772469AD360094A71F;
					};
					464453982469AD370094A71F = {
						CreatedOnToolsVersion = 11.3.1;
						TestTargetID = 464453772469AD360094A71F;
					};
				};
			};
			buildConfigurationList = 464453732469AD350094A71F /* Build configuration list for PBXProject "scraping-sb" */;
			compatibilityVersion = "Xcode 9.3";
			developmentRegion = en;
			hasScannedForEncodings = 0;
			knownRegions = (
				en,
				Base,
			);
			mainGroup = 4644536F2469AD350094A71F;
			productRefGroup = 464453792469AD360094A71F /* Products */;
			projectDirPath = "";
			projectRoot = "";
			targets = (
				464453772469AD360094A71F /* scraping-sb */,
				4644538D2469AD370094A71F /* scraping-sbTests */,
				464453982469AD370094A71F /* scraping-sbUITests */,
			);
		};
/* End PBXProject section */

/* Begin PBXResourcesBuildPhase section */
		464453762469AD360094A71F /* Resources */ = {
			isa = PBXResourcesBuildPhase;
			buildActionMask = 2147483647;
			files = (
				464453882469AD360094A71F /* LaunchScreen.storyboard in Resources */,
				464453852469AD360094A71F /* Assets.xcassets in Resources */,
				464453832469AD360094A71F /* Main.storyboard in Resources */,
			);
			runOnlyForDeploymentPostprocessing = 0;
		};
		4644538C2469AD370094A71F /* Resources */ = {
			isa = PBXResourcesBuildPhase;
			buildActionMask = 2147483647;
			files = (
			);
			runOnlyForDeploymentPostprocessing = 0;
		};
		464453972469AD370094A71F /* Resources */ = {
			isa = PBXResourcesBuildPhase;
			buildActionMask = 2147483647;
			files = (
			);
			runOnlyForDeploymentPostprocessing = 0;
		};
/* End PBXResourcesBuildPhase section */

/* Begin PBXSourcesBuildPhase section */
		464453742469AD360094A71F /* Sources */ = {
			isa = PBXSourcesBuildPhase;
			buildActionMask = 2147483647;
			files = (
				464453802469AD360094A71F /* ViewController.swift in Sources */,
				4644537C2469AD360094A71F /* AppDelegate.swift in Sources */,
				4644537E2469AD360094A71F /* SceneDelegate.swift in Sources */,
			);
			runOnlyForDeploymentPostprocessing = 0;
		};
		4644538A2469AD370094A71F /* Sources */ = {
			isa = PBXSourcesBuildPhase;
			buildActionMask = 2147483647;
			files = (
				464453932469AD370094A71F /* scraping_sbTests.swift in Sources */,
			);
			runOnlyForDeploymentPostprocessing = 0;
		};
		464453952469AD370094A71F /* Sources */ = {
			isa = PBXSourcesBuildPhase;
			buildActionMask = 2147483647;
			files = (
				4644539E2469AD370094A71F /* scraping_sbUITests.swift in Sources */,
			);
			runOnlyForDeploymentPostprocessing = 0;
		};
/* End PBXSourcesBuildPhase section */

/* Begin PBXTargetDependency section */
		464453902469AD370094A71F /* PBXTargetDependency */ = {
			isa = PBXTargetDependency;
			target = 464453772469AD360094A71F /* scraping-sb */;
			targetProxy = 4644538F2469AD370094A71F /* PBXContainerItemProxy */;
		};
		4644539B2469AD370094A71F /* PBXTargetDependency */ = {
			isa = PBXTargetDependency;
			target = 464453772469AD360094A71F /* scraping-sb */;
			targetProxy = 4644539A2469AD370094A71F /* PBXContainerItemProxy */;
		};
/* End PBXTargetDependency section */

/* Begin PBXVariantGroup section */
		464453812469AD360094A71F /* Main.storyboard */ = {
			isa = PBXVariantGroup;
			children = (
				464453822469AD360094A71F /* Base */,
			);
			name = Main.storyboard;
			sourceTree = "<group>";
		};
		464453862469AD360094A71F /* LaunchScreen.storyboard */ = {
			isa = PBXVariantGroup;
			children = (
				464453872469AD360094A71F /* Base */,
			);
			name = LaunchScreen.storyboard;
			sourceTree = "<group>";
		};
/* End PBXVariantGroup section */

/* Begin XCBuildConfiguration section */
		464453A02469AD370094A71F /* Debug */ = {
			isa = XCBuildConfiguration;
			buildSettings = {
				ALWAYS_SEARCH_USER_PATHS = NO;
				CLANG_ANALYZER_NONNULL = YES;
				CLANG_ANALYZER_NUMBER_OBJECT_CONVERSION = YES_AGGRESSIVE;
				CLANG_CXX_LANGUAGE_STANDARD = "gnu++14";
				CLANG_CXX_LIBRARY = "libc++";
				CLANG_ENABLE_MODULES = YES;
				CLANG_ENABLE_OBJC_ARC = YES;
				CLANG_ENABLE_OBJC_WEAK = YES;
				CLANG_WARN_BLOCK_CAPTURE_AUTORELEASING = YES;
				CLANG_WARN_BOOL_CONVERSION = YES;
				CLANG_WARN_COMMA = YES;
				CLANG_WARN_CONSTANT_CONVERSION = YES;
				CLANG_WARN_DEPRECATED_OBJC_IMPLEMENTATIONS = YES;
				CLANG_WARN_DIRECT_OBJC_ISA_USAGE = YES_ERROR;
				CLANG_WARN_DOCUMENTATION_COMMENTS = YES;
				CLANG_WARN_EMPTY_BODY = YES;
				CLANG_WARN_ENUM_CONVERSION = YES;
				CLANG_WARN_INFINITE_RECURSION = YES;
				CLANG_WARN_INT_CONVERSION = YES;
				CLANG_WARN_NON_LITERAL_NULL_CONVERSION = YES;
				CLANG_WARN_OBJC_IMPLICIT_RETAIN_SELF = YES;
				CLANG_WARN_OBJC_LITERAL_CONVERSION = YES;
				CLANG_WARN_OBJC_ROOT_CLASS = YES_ERROR;
				CLANG_WARN_RANGE_LOOP_ANALYSIS = YES;
				CLANG_WARN_STRICT_PROTOTYPES = YES;
				CLANG_WARN_SUSPICIOUS_MOVE = YES;
				CLANG_WARN_UNGUARDED_AVAILABILITY = YES_AGGRESSIVE;
				CLANG_WARN_UNREACHABLE_CODE = YES;
				CLANG_WARN__DUPLICATE_METHOD_MATCH = YES;
				COPY_PHASE_STRIP = NO;
				DEBUG_INFORMATION_FORMAT = dwarf;
				ENABLE_STRICT_OBJC_MSGSEND = YES;
				ENABLE_TESTABILITY = YES;
				GCC_C_LANGUAGE_STANDARD = gnu11;
				GCC_DYNAMIC_NO_PIC = NO;
				GCC_NO_COMMON_BLOCKS = YES;
				GCC_OPTIMIZATION_LEVEL = 0;
				GCC_PREPROCESSOR_DEFINITIONS = (
					"DEBUG=1",
					"$(inherited)",
				);
				GCC_WARN_64_TO_32_BIT_CONVERSION = YES;
				GCC_WARN_ABOUT_RETURN_TYPE = YES_ERROR;
				GCC_WARN_UNDECLARED_SELECTOR = YES;
				GCC_WARN_UNINITIALIZED_AUTOS = YES_AGGRESSIVE;
				GCC_WARN_UNUSED_FUNCTION = YES;
				GCC_WARN_UNUSED_VARIABLE = YES;
				IPHONEOS_DEPLOYMENT_TARGET = 13.2;
				MTL_ENABLE_DEBUG_INFO = INCLUDE_SOURCE;
				MTL_FAST_MATH = YES;
				ONLY_ACTIVE_ARCH = YES;
				SDKROOT = iphoneos;
				SWIFT_ACTIVE_COMPILATION_CONDITIONS = DEBUG;
				SWIFT_OPTIMIZATION_LEVEL = "-Onone";
			};
			name = Debug;
		};
		464453A12469AD370094A71F /* Release */ = {
			isa = XCBuildConfiguration;
			buildSettings = {
				ALWAYS_SEARCH_USER_PATHS = NO;
				CLANG_ANALYZER_NONNULL = YES;
				CLANG_ANALYZER_NUMBER_OBJECT_CONVERSION = YES_AGGRESSIVE;
				CLANG_CXX_LANGUAGE_STANDARD = "gnu++14";
				CLANG_CXX_LIBRARY = "libc++";
				CLANG_ENABLE_MODULES = YES;
				CLANG_ENABLE_OBJC_ARC = YES;
				CLANG_ENABLE_OBJC_WEAK = YES;
				CLANG_WARN_BLOCK_CAPTURE_AUTORELEASING = YES;
				CLANG_WARN_BOOL_CONVERSION = YES;
				CLANG_WARN_COMMA = YES;
				CLANG_WARN_CONSTANT_CONVERSION = YES;
				CLANG_WARN_DEPRECATED_OBJC_IMPLEMENTATIONS = YES;
				CLANG_WARN_DIRECT_OBJC_ISA_USAGE = YES_ERROR;
				CLANG_WARN_DOCUMENTATION_COMMENTS = YES;
				CLANG_WARN_EMPTY_BODY = YES;
				CLANG_WARN_ENUM_CONVERSION = YES;
				CLANG_WARN_INFINITE_RECURSION = YES;
				CLANG_WARN_INT_CONVERSION = YES;
				CLANG_WARN_NON_LITERAL_NULL_CONVERSION = YES;
				CLANG_WARN_OBJC_IMPLICIT_RETAIN_SELF = YES;
				CLANG_WARN_OBJC_LITERAL_CONVERSION = YES;
				CLANG_WARN_OBJC_ROOT_CLASS = YES_ERROR;
				CLANG_WARN_RANGE_LOOP_ANALYSIS = YES;
				CLANG_WARN_STRICT_PROTOTYPES = YES;
				CLANG_WARN_SUSPICIOUS_MOVE = YES;
				CLANG_WARN_UNGUARDED_AVAILABILITY = YES_AGGRESSIVE;
				CLANG_WARN_UNREACHABLE_CODE = YES;
				CLANG_WARN__DUPLICATE_METHOD_MATCH = YES;
				COPY_PHASE_STRIP = NO;
				DEBUG_INFORMATION_FORMAT = "dwarf-with-dsym";
				ENABLE_NS_ASSERTIONS = NO;
				ENABLE_STRICT_OBJC_MSGSEND = YES;
				GCC_C_LANGUAGE_STANDARD = gnu11;
				GCC_NO_COMMON_BLOCKS = YES;
				GCC_WARN_64_TO_32_BIT_CONVERSION = YES;
				GCC_WARN_ABOUT_RETURN_TYPE = YES_ERROR;
				GCC_WARN_UNDECLARED_SELECTOR = YES;
				GCC_WARN_UNINITIALIZED_AUTOS = YES_AGGRESSIVE;
				GCC_WARN_UNUSED_FUNCTION = YES;
				GCC_WARN_UNUSED_VARIABLE = YES;
				IPHONEOS_DEPLOYMENT_TARGET = 13.2;
				MTL_ENABLE_DEBUG_INFO = NO;
				MTL_FAST_MATH = YES;
				SDKROOT = iphoneos;
				SWIFT_COMPILATION_MODE = wholemodule;
				SWIFT_OPTIMIZATION_LEVEL = "-O";
				VALIDATE_PRODUCT = YES;
			};
			name = Release;
		};
		464453A32469AD370094A71F /* Debug */ = {
			isa = XCBuildConfiguration;
			buildSettings = {
				ASSETCATALOG_COMPILER_APPICON_NAME = AppIcon;
				CODE_SIGN_STYLE = Automatic;
				DEVELOPMENT_TEAM = P6FCYRT7JM;
				INFOPLIST_FILE = "scraping-sb/Info.plist";
				LD_RUNPATH_SEARCH_PATHS = (
					"$(inherited)",
					"@executable_path/Frameworks",
				);
				PRODUCT_BUNDLE_IDENTIFIER = "com.rapser.scraping-sb";
				PRODUCT_NAME = "$(TARGET_NAME)";
				SWIFT_VERSION = 5.0;
				TARGETED_DEVICE_FAMILY = "1,2";
			};
			name = Debug;
		};
		464453A42469AD370094A71F /* Release */ = {
			isa = XCBuildConfiguration;
			buildSettings = {
				ASSETCATALOG_COMPILER_APPICON_NAME = AppIcon;
				CODE_SIGN_STYLE = Automatic;
				DEVELOPMENT_TEAM = P6FCYRT7JM;
				INFOPLIST_FILE = "scraping-sb/Info.plist";
				LD_RUNPATH_SEARCH_PATHS = (
					"$(inherited)",
					"@executable_path/Frameworks",
				);
				PRODUCT_BUNDLE_IDENTIFIER = "com.rapser.scraping-sb";
				PRODUCT_NAME = "$(TARGET_NAME)";
				SWIFT_VERSION = 5.0;
				TARGETED_DEVICE_FAMILY = "1,2";
			};
			name = Release;
		};
		464453A62469AD370094A71F /* Debug */ = {
			isa = XCBuildConfiguration;
			buildSettings = {
				ALWAYS_EMBED_SWIFT_STANDARD_LIBRARIES = YES;
				BUNDLE_LOADER = "$(TEST_HOST)";
				CODE_SIGN_STYLE = Automatic;
				DEVELOPMENT_TEAM = P6FCYRT7JM;
				INFOPLIST_FILE = "scraping-sbTests/Info.plist";
				IPHONEOS_DEPLOYMENT_TARGET = 13.2;
				LD_RUNPATH_SEARCH_PATHS = (
					"$(inherited)",
					"@executable_path/Frameworks",
					"@loader_path/Frameworks",
				);
				PRODUCT_BUNDLE_IDENTIFIER = "com.rapser.scraping-sbTests";
				PRODUCT_NAME = "$(TARGET_NAME)";
				SWIFT_VERSION = 5.0;
				TARGETED_DEVICE_FAMILY = "1,2";
				TEST_HOST = "$(BUILT_PRODUCTS_DIR)/scraping-sb.app/scraping-sb";
			};
			name = Debug;
		};
		464453A72469AD370094A71F /* Release */ = {
			isa = XCBuildConfiguration;
			buildSettings = {
				ALWAYS_EMBED_SWIFT_STANDARD_LIBRARIES = YES;
				BUNDLE_LOADER = "$(TEST_HOST)";
				CODE_SIGN_STYLE = Automatic;
				DEVELOPMENT_TEAM = P6FCYRT7JM;
				INFOPLIST_FILE = "scraping-sbTests/Info.plist";
				IPHONEOS_DEPLOYMENT_TARGET = 13.2;
				LD_RUNPATH_SEARCH_PATHS = (
					"$(inherited)",
					"@executable_path/Frameworks",
					"@loader_path/Frameworks",
				);
				PRODUCT_BUNDLE_IDENTIFIER = "com.rapser.scraping-sbTests";
				PRODUCT_NAME = "$(TARGET_NAME)";
				SWIFT_VERSION = 5.0;
				TARGETED_DEVICE_FAMILY = "1,2";
				TEST_HOST = "$(BUILT_PRODUCTS_DIR)/scraping-sb.app/scraping-sb";
			};
			name = Release;
		};
		464453A92469AD370094A71F /* Debug */ = {
			isa = XCBuildConfiguration;
			buildSettings = {
				ALWAYS_EMBED_SWIFT_STANDARD_LIBRARIES = YES;
				CODE_SIGN_STYLE = Automatic;
				DEVELOPMENT_TEAM = P6FCYRT7JM;
				INFOPLIST_FILE = "scraping-sbUITests/Info.plist";
				LD_RUNPATH_SEARCH_PATHS = (
					"$(inherited)",
					"@executable_path/Frameworks",
					"@loader_path/Frameworks",
				);
				PRODUCT_BUNDLE_IDENTIFIER = "com.rapser.scraping-sbUITests";
				PRODUCT_NAME = "$(TARGET_NAME)";
				SWIFT_VERSION = 5.0;
				TARGETED_DEVICE_FAMILY = "1,2";
				TEST_TARGET_NAME = "scraping-sb";
			};
			name = Debug;
		};
		464453AA2469AD370094A71F /* Release */ = {
			isa = XCBuildConfiguration;
			buildSettings = {
				ALWAYS_EMBED_SWIFT_STANDARD_LIBRARIES = YES;
				CODE_SIGN_STYLE = Automatic;
				DEVELOPMENT_TEAM = P6FCYRT7JM;
				INFOPLIST_FILE = "scraping-sbUITests/Info.plist";
				LD_RUNPATH_SEARCH_PATHS = (
					"$(inherited)",
					"@executable_path/Frameworks",
					"@loader_path/Frameworks",
				);
				PRODUCT_BUNDLE_IDENTIFIER = "com.rapser.scraping-sbUITests";
				PRODUCT_NAME = "$(TARGET_NAME)";
				SWIFT_VERSION = 5.0;
				TARGETED_DEVICE_FAMILY = "1,2";
				TEST_TARGET_NAME = "scraping-sb";
			};
			name = Release;
		};
/* End XCBuildConfiguration section */

/* Begin XCConfigurationList section */
		464453732469AD350094A71F /* Build configuration list for PBXProject "scraping-sb" */ = {
			isa = XCConfigurationList;
			buildConfigurations = (
				464453A02469AD370094A71F /* Debug */,
				464453A12469AD370094A71F /* Release */,
			);
			defaultConfigurationIsVisible = 0;
			defaultConfigurationName = Release;
		};
		464453A22469AD370094A71F /* Build configuration list for PBXNativeTarget "scraping-sb" */ = {
			isa = XCConfigurationList;
			buildConfigurations = (
				464453A32469AD370094A71F /* Debug */,
				464453A42469AD370094A71F /* Release */,
			);
			defaultConfigurationIsVisible = 0;
			defaultConfigurationName = Release;
		};
		464453A52469AD370094A71F /* Build configuration list for PBXNativeTarget "scraping-sbTests" */ = {
			isa = XCConfigurationList;
			buildConfigurations = (
				464453A62469AD370094A71F /* Debug */,
				464453A72469AD370094A71F /* Release */,
			);
			defaultConfigurationIsVisible = 0;
			defaultConfigurationName = Release;
		};
		464453A82469AD370094A71F /* Build configuration list for PBXNativeTarget "scraping-sbUITests" */ = {
			isa = XCConfigurationList;
			buildConfigurations = (
				464453A92469AD370094A71F /* Debug */,
				464453AA2469AD370094A71F /* Release */,
			);
			defaultConfigurationIsVisible = 0;
			defaultConfigurationName = Release;
		};
/* End XCConfigurationList section */
	};
	rootObject = 464453702469AD350094A71F /* Project object */;
}
